
Microsoft Visual Studio Solution File, Format Version 12.00
# Visual Studio 2013
VisualStudioVersion = 12.0.31101.0
MinimumVisualStudioVersion = 10.0.40219.1
Project("{8BC9CEB8-8B4A-11D0-8D11-00A0C91BC942}") = "FriendFunction", "FriendFunction.vcxproj", "{BA24C438-7008-4A64-B3E1-CB783C0BB878}"
EndProject
Global
	GlobalSection(SolutionConfigurationPlatforms) = preSolution
		Debug|Win32 = Debug|Win32
		Release|Win32 = Release|Win32
	EndGlobalSection
	GlobalSection(ProjectConfigurationPlatforms) = postSolution
		{BA24C438-7008-4A64-B3E1-CB783C0BB878}.Debug|Win32.ActiveCfg = Debug|Win32
		{BA24C438-7008-4A64-B3E1-CB783C0BB878}.Debug|Win32.Build.0 = Debug|Win32
		{BA24C438-7008-4A64-B3E1-CB783C0BB878}.Release|Win32.ActiveCfg = Release|Win32
		{BA24C438-7008-4A64-B3E1-CB783C0BB878}.Release|Win32.Build.0 = Release|Win32
	EndGlobalSection
	GlobalSection(SolutionProperties) = preSolution
		HideSolutionNode = FALSE
	EndGlobalSection
EndGlobal
